
Microsoft Visual Studio Solution File, Format Version 12.00
# Visual Studio 15
Project("{FAE04EC0-301F-11D3-BF4B-00C04F79EFBC}") = "Assembly-CSharp", "Assembly-CSharp.csproj", "{B689E19C-D995-86C6-22FE-1171EF2E7093}"
EndProject
Global
	GlobalSection(SolutionConfigurationPlatforms) = preSolution
		Debug|Any CPU = Debug|Any CPU
		Release|Any CPU = Release|Any CPU
	EndGlobalSection
	GlobalSection(ProjectConfigurationPlatforms) = postSolution
		{B689E19C-D995-86C6-22FE-1171EF2E7093}.Debug|Any CPU.ActiveCfg = Debug|Any CPU
		{B689E19C-D995-86C6-22FE-1171EF2E7093}.Debug|Any CPU.Build.0 = Debug|Any CPU
		{B689E19C-D995-86C6-22FE-1171EF2E7093}.Release|Any CPU.ActiveCfg = Release|Any CPU
		{B689E19C-D995-86C6-22FE-1171EF2E7093}.Release|Any CPU.Build.0 = Release|Any CPU
	EndGlobalSection
	GlobalSection(SolutionProperties) = preSolution
		HideSolutionNode = FALSE
	EndGlobalSection
EndGlobal
